
Microsoft Visual Studio Solution File, Format Version 12.00
# Visual Studio Version 17
VisualStudioVersion = 17.0.31919.166
MinimumVisualStudioVersion = 10.0.40219.1
Project("{FAE04EC0-301F-11D3-BF4B-00C04F79EFBC}") = "Storage", "Storage\Storage.csproj", "{3A0864EA-C332-47F1-9470-34BAD49C278B}"
EndProject
Global
	GlobalSection(SolutionConfigurationPlatforms) = preSolution
		Debug|Any CPU = Debug|Any CPU
		Release|Any CPU = Release|Any CPU
	EndGlobalSection
	GlobalSection(ProjectConfigurationPlatforms) = postSolution
		{3A0864EA-C332-47F1-9470-34BAD49C278B}.Debug|Any CPU.ActiveCfg = Debug|Any CPU
		{3A0864EA-C332-47F1-9470-34BAD49C278B}.Debug|Any CPU.Build.0 = Debug|Any CPU
		{3A0864EA-C332-47F1-9470-34BAD49C278B}.Release|Any CPU.ActiveCfg = Release|Any CPU
		{3A0864EA-C332-47F1-9470-34BAD49C278B}.Release|Any CPU.Build.0 = Release|Any CPU
	EndGlobalSection
	GlobalSection(SolutionProperties) = preSolution
		HideSolutionNode = FALSE
	EndGlobalSection
	GlobalSection(ExtensibilityGlobals) = postSolution
		SolutionGuid = {BB8868D4-7102-4735-BA8E-43F3E419BB21}
	EndGlobalSection
EndGlobal
